{
  "name": "angular-6-social-login-v2",
  "version": "1.0.3",
  "lockfileVersion": 1,
  "requires": true,
  "dependencies": {
    "@angular/common": {
      "version": "6.0.0",
      "resolved": "https://registry.npmjs.org/@angular/common/-/common-6.0.0.tgz",
      "integrity": "sha512-oo/KESihAZo0FsZPHthO9PYhanN4Q+Lo7Lb2HNbWnD+xRIPa1yFC12JOWiD+SPPfFGWMI6aW3wAlcoej1+QKSw==",
      "requires": {
        "tslib": "^1.9.0"
      }
    },
    "tslib": {
      "version": "1.9.2",
      "resolved": "https://registry.npmjs.org/tslib/-/tslib-1.9.2.tgz",
      "integrity": "sha512-AVP5Xol3WivEr7hnssHDsaM+lVrVXWUvd1cfXTRkTj80b//6g2wIFEH6hZG0muGZRnHGrfttpdzRk3YlBkWjKw=="
    }
  }
}
